
Microsoft Visual Studio Solution File, Format Version 12.00
# Visual Studio Version 16
VisualStudioVersion = 16.0.30517.126
MinimumVisualStudioVersion = 10.0.40219.1
Project("{FAE04EC0-301F-11D3-BF4B-00C04F79EFBC}") = "CatsandDogs", "CatsandDogs\CatsandDogs.csproj", "{948A19BE-9C7A-4114-B74B-96B15110CBE0}"
EndProject
Global
	GlobalSection(SolutionConfigurationPlatforms) = preSolution
		Debug|Any CPU = Debug|Any CPU
		Release|Any CPU = Release|Any CPU
	EndGlobalSection
	GlobalSection(ProjectConfigurationPlatforms) = postSolution
		{948A19BE-9C7A-4114-B74B-96B15110CBE0}.Debug|Any CPU.ActiveCfg = Debug|Any CPU
		{948A19BE-9C7A-4114-B74B-96B15110CBE0}.Debug|Any CPU.Build.0 = Debug|Any CPU
		{948A19BE-9C7A-4114-B74B-96B15110CBE0}.Release|Any CPU.ActiveCfg = Release|Any CPU
		{948A19BE-9C7A-4114-B74B-96B15110CBE0}.Release|Any CPU.Build.0 = Release|Any CPU
	EndGlobalSection
	GlobalSection(SolutionProperties) = preSolution
		HideSolutionNode = FALSE
	EndGlobalSection
	GlobalSection(ExtensibilityGlobals) = postSolution
		SolutionGuid = {2C9380C0-7B71-4342-B9FD-45F51F91D4E8}
	EndGlobalSection
EndGlobal
